
Microsoft Visual Studio Solution File, Format Version 12.00
# Visual Studio Version 17
VisualStudioVersion = 17.5.002.0
MinimumVisualStudioVersion = 10.0.40219.1
Project("{9A19103F-16F7-4668-BE54-9A1E7A4F7556}") = "HomeTask_001", "HomeTask_001\HomeTask_001.csproj", "{E55995D7-1EEE-4677-B56F-FE4AD16D4466}"
EndProject
Project("{9A19103F-16F7-4668-BE54-9A1E7A4F7556}") = "HomeTask_002", "HomeTask_002\HomeTask_002.csproj", "{15A53BBD-D55E-4E5E-8ABB-F062216E7BE4}"
EndProject
Project("{9A19103F-16F7-4668-BE54-9A1E7A4F7556}") = "HomeTask_003", "HomeTask_003\HomeTask_003.csproj", "{86C73373-DC6E-4D11-BD3A-3D2517A82A78}"
EndProject
Global
	GlobalSection(SolutionConfigurationPlatforms) = preSolution
		Debug|Any CPU = Debug|Any CPU
		Release|Any CPU = Release|Any CPU
	EndGlobalSection
	GlobalSection(ProjectConfigurationPlatforms) = postSolution
		{E55995D7-1EEE-4677-B56F-FE4AD16D4466}.Debug|Any CPU.ActiveCfg = Debug|Any CPU
		{E55995D7-1EEE-4677-B56F-FE4AD16D4466}.Debug|Any CPU.Build.0 = Debug|Any CPU
		{E55995D7-1EEE-4677-B56F-FE4AD16D4466}.Release|Any CPU.ActiveCfg = Release|Any CPU
		{E55995D7-1EEE-4677-B56F-FE4AD16D4466}.Release|Any CPU.Build.0 = Release|Any CPU
		{15A53BBD-D55E-4E5E-8ABB-F062216E7BE4}.Debug|Any CPU.ActiveCfg = Debug|Any CPU
		{15A53BBD-D55E-4E5E-8ABB-F062216E7BE4}.Debug|Any CPU.Build.0 = Debug|Any CPU
		{15A53BBD-D55E-4E5E-8ABB-F062216E7BE4}.Release|Any CPU.ActiveCfg = Release|Any CPU
		{15A53BBD-D55E-4E5E-8ABB-F062216E7BE4}.Release|Any CPU.Build.0 = Release|Any CPU
		{86C73373-DC6E-4D11-BD3A-3D2517A82A78}.Debug|Any CPU.ActiveCfg = Debug|Any CPU
		{86C73373-DC6E-4D11-BD3A-3D2517A82A78}.Debug|Any CPU.Build.0 = Debug|Any CPU
		{86C73373-DC6E-4D11-BD3A-3D2517A82A78}.Release|Any CPU.ActiveCfg = Release|Any CPU
		{86C73373-DC6E-4D11-BD3A-3D2517A82A78}.Release|Any CPU.Build.0 = Release|Any CPU
	EndGlobalSection
	GlobalSection(SolutionProperties) = preSolution
		HideSolutionNode = FALSE
	EndGlobalSection
	GlobalSection(ExtensibilityGlobals) = postSolution
		SolutionGuid = {462B0944-72C0-4811-9F8D-0DD10B64A398}
	EndGlobalSection
EndGlobal
